
Microsoft Visual Studio Solution File, Format Version 12.00
# Visual Studio Version 16
VisualStudioVersion = 16.0.34031.81
MinimumVisualStudioVersion = 10.0.40219.1
Project("{2150E333-8FDC-42A3-9474-1A3956D46DE8}") = "Task0", "Task0", "{EDBFC564-94B0-47A4-817D-5F7E474D0357}"
EndProject
Project("{FAE04EC0-301F-11D3-BF4B-00C04F79EFBC}") = "Tyuiu.FominIN.Sprint3.Task0.V8", "Tyuiu.FominIN.Sprint3.Task0.V8\Tyuiu.FominIN.Sprint3.Task0.V8.csproj", "{FE63C2B7-DB82-4699-853E-9DEE044C8A6C}"
EndProject
Project("{FAE04EC0-301F-11D3-BF4B-00C04F79EFBC}") = "Tyuiu.FominIN.Sprint3.Task0.V8.Lib", "Tyuiu.FominIN.Sprint3.Task0.V8.Lib\Tyuiu.FominIN.Sprint3.Task0.V8.Lib.csproj", "{936DB605-EB27-4700-A49C-6675951D8E30}"
EndProject
Project("{FAE04EC0-301F-11D3-BF4B-00C04F79EFBC}") = "Tyuiu.FominIN.Sprint3.Task0.V8.Test", "Tyuiu.FominIN.Sprint3.Task0.V8.Test\Tyuiu.FominIN.Sprint3.Task0.V8.Test.csproj", "{8F9BB1E8-C3EC-4D35-BEFA-EAA45EC87232}"
EndProject
Global
	GlobalSection(SolutionConfigurationPlatforms) = preSolution
		Debug|Any CPU = Debug|Any CPU
		Release|Any CPU = Release|Any CPU
	EndGlobalSection
	GlobalSection(ProjectConfigurationPlatforms) = postSolution
		{FE63C2B7-DB82-4699-853E-9DEE044C8A6C}.Debug|Any CPU.ActiveCfg = Debug|Any CPU
		{FE63C2B7-DB82-4699-853E-9DEE044C8A6C}.Debug|Any CPU.Build.0 = Debug|Any CPU
		{FE63C2B7-DB82-4699-853E-9DEE044C8A6C}.Release|Any CPU.ActiveCfg = Release|Any CPU
		{FE63C2B7-DB82-4699-853E-9DEE044C8A6C}.Release|Any CPU.Build.0 = Release|Any CPU
		{936DB605-EB27-4700-A49C-6675951D8E30}.Debug|Any CPU.ActiveCfg = Debug|Any CPU
		{936DB605-EB27-4700-A49C-6675951D8E30}.Debug|Any CPU.Build.0 = Debug|Any CPU
		{936DB605-EB27-4700-A49C-6675951D8E30}.Release|Any CPU.ActiveCfg = Release|Any CPU
		{936DB605-EB27-4700-A49C-6675951D8E30}.Release|Any CPU.Build.0 = Release|Any CPU
		{8F9BB1E8-C3EC-4D35-BEFA-EAA45EC87232}.Debug|Any CPU.ActiveCfg = Debug|Any CPU
		{8F9BB1E8-C3EC-4D35-BEFA-EAA45EC87232}.Debug|Any CPU.Build.0 = Debug|Any CPU
		{8F9BB1E8-C3EC-4D35-BEFA-EAA45EC87232}.Release|Any CPU.ActiveCfg = Release|Any CPU
		{8F9BB1E8-C3EC-4D35-BEFA-EAA45EC87232}.Release|Any CPU.Build.0 = Release|Any CPU
	EndGlobalSection
	GlobalSection(SolutionProperties) = preSolution
		HideSolutionNode = FALSE
	EndGlobalSection
	GlobalSection(NestedProjects) = preSolution
		{FE63C2B7-DB82-4699-853E-9DEE044C8A6C} = {EDBFC564-94B0-47A4-817D-5F7E474D0357}
		{936DB605-EB27-4700-A49C-6675951D8E30} = {EDBFC564-94B0-47A4-817D-5F7E474D0357}
		{8F9BB1E8-C3EC-4D35-BEFA-EAA45EC87232} = {EDBFC564-94B0-47A4-817D-5F7E474D0357}
	EndGlobalSection
	GlobalSection(ExtensibilityGlobals) = postSolution
		SolutionGuid = {8EDEA414-4CAD-4CA7-A59B-347D803AE1D4}
	EndGlobalSection
EndGlobal
